
Microsoft Visual Studio Solution File, Format Version 12.00
# Visual Studio Version 17
VisualStudioVersion = 17.1.32120.378
MinimumVisualStudioVersion = 16.0.29201.188
Project("{2150E333-8FDC-42A3-9474-1A3956D46DE8}") = "Solution Items", "Solution Items", "{9A6C4741-C83D-4E05-A62F-8049F65B9B6C}"
	ProjectSection(SolutionItems) = preProject
		.editorconfig = .editorconfig
		.gitattributes = .gitattributes
		..\.gitignore = ..\.gitignore
		appveyor.yml = appveyor.yml
		Directory.Build.props = Directory.Build.props
		global.json = global.json
		mdsnippets.json = mdsnippets.json
		..\readme.md = ..\readme.md
	EndProjectSection
EndProject
Project("{FAE04EC0-301F-11D3-BF4B-00C04F79EFBC}") = "Polyfill", "Polyfill\Polyfill.csproj", "{698FB675-3480-4107-8CAE-51452C6138CE}"
EndProject
Project("{FAE04EC0-301F-11D3-BF4B-00C04F79EFBC}") = "Tests", "Tests\Tests.csproj", "{CA1869D1-4531-40C7-AE55-5885F4DD8448}"
EndProject
Project("{FAE04EC0-301F-11D3-BF4B-00C04F79EFBC}") = "Consume", "Consume\Consume.csproj", "{32C38E3C-4040-455F-A27D-4EA5DB0F8EFA}"
EndProject
Project("{FAE04EC0-301F-11D3-BF4B-00C04F79EFBC}") = "UnsafeTests", "UnsafeTests\UnsafeTests.csproj", "{F49A3C33-48A3-4954-9AC0-5C7B30AC2B2B}"
EndProject
Project("{FAE04EC0-301F-11D3-BF4B-00C04F79EFBC}") = "PublicTests", "PublicTests\PublicTests.csproj", "{9FBD54A6-461C-4754-B77A-222E06BF89B6}"
EndProject
Project("{FAE04EC0-301F-11D3-BF4B-00C04F79EFBC}") = "ConsumeClassicReferences", "ConsumeClassicReferences\ConsumeClassicReferences.csproj", "{CF7D4778-6A32-4E7D-B80B-3507974B443B}"
EndProject
Project("{FAE04EC0-301F-11D3-BF4B-00C04F79EFBC}") = "ConsumeIndirect", "ConsumeIndirect\ConsumeIndirect.csproj", "{955038AF-1073-4BB0-8AF7-D4597B7C2DAB}"
EndProject
Project("{FAE04EC0-301F-11D3-BF4B-00C04F79EFBC}") = "NoRefsTests", "NoRefsTests\NoRefsTests.csproj", "{A9EEAECD-A8B2-45C1-9A9D-94443601CB5F}"
EndProject
Project("{FAE04EC0-301F-11D3-BF4B-00C04F79EFBC}") = "ConsumeNoRefs", "ConsumeNoRefs\ConsumeNoRefs.csproj", "{B4DC96CA-C700-499F-A9A2-0C767DCF8C30}"
EndProject
Project("{FAE04EC0-301F-11D3-BF4B-00C04F79EFBC}") = "ConsumeTasksWithNoMemory", "ConsumeTasksWithNoMemory\ConsumeTasksWithNoMemory.csproj", "{96EF1E04-5862-4D9E-B800-A6402F1ADF7A}"
EndProject
Global
	GlobalSection(SolutionConfigurationPlatforms) = preSolution
		Debug|Any CPU = Debug|Any CPU
		Release|Any CPU = Release|Any CPU
	EndGlobalSection
	GlobalSection(ProjectConfigurationPlatforms) = postSolution
		{698FB675-3480-4107-8CAE-51452C6138CE}.Debug|Any CPU.ActiveCfg = Debug|Any CPU
		{698FB675-3480-4107-8CAE-51452C6138CE}.Debug|Any CPU.Build.0 = Debug|Any CPU
		{698FB675-3480-4107-8CAE-51452C6138CE}.Release|Any CPU.ActiveCfg = Release|Any CPU
		{698FB675-3480-4107-8CAE-51452C6138CE}.Release|Any CPU.Build.0 = Release|Any CPU
		{CA1869D1-4531-40C7-AE55-5885F4DD8448}.Debug|Any CPU.ActiveCfg = Debug|Any CPU
		{CA1869D1-4531-40C7-AE55-5885F4DD8448}.Debug|Any CPU.Build.0 = Debug|Any CPU
		{CA1869D1-4531-40C7-AE55-5885F4DD8448}.Release|Any CPU.ActiveCfg = Release|Any CPU
		{CA1869D1-4531-40C7-AE55-5885F4DD8448}.Release|Any CPU.Build.0 = Release|Any CPU
		{32C38E3C-4040-455F-A27D-4EA5DB0F8EFA}.Debug|Any CPU.ActiveCfg = Debug|Any CPU
		{32C38E3C-4040-455F-A27D-4EA5DB0F8EFA}.Debug|Any CPU.Build.0 = Debug|Any CPU
		{32C38E3C-4040-455F-A27D-4EA5DB0F8EFA}.Release|Any CPU.ActiveCfg = Release|Any CPU
		{32C38E3C-4040-455F-A27D-4EA5DB0F8EFA}.Release|Any CPU.Build.0 = Release|Any CPU
		{F49A3C33-48A3-4954-9AC0-5C7B30AC2B2B}.Debug|Any CPU.ActiveCfg = Debug|Any CPU
		{F49A3C33-48A3-4954-9AC0-5C7B30AC2B2B}.Debug|Any CPU.Build.0 = Debug|Any CPU
		{F49A3C33-48A3-4954-9AC0-5C7B30AC2B2B}.Release|Any CPU.ActiveCfg = Release|Any CPU
		{F49A3C33-48A3-4954-9AC0-5C7B30AC2B2B}.Release|Any CPU.Build.0 = Release|Any CPU
		{9FBD54A6-461C-4754-B77A-222E06BF89B6}.Debug|Any CPU.ActiveCfg = Debug|Any CPU
		{9FBD54A6-461C-4754-B77A-222E06BF89B6}.Debug|Any CPU.Build.0 = Debug|Any CPU
		{9FBD54A6-461C-4754-B77A-222E06BF89B6}.Release|Any CPU.ActiveCfg = Release|Any CPU
		{9FBD54A6-461C-4754-B77A-222E06BF89B6}.Release|Any CPU.Build.0 = Release|Any CPU
		{CF7D4778-6A32-4E7D-B80B-3507974B443B}.Debug|Any CPU.ActiveCfg = Debug|Any CPU
		{CF7D4778-6A32-4E7D-B80B-3507974B443B}.Debug|Any CPU.Build.0 = Debug|Any CPU
		{CF7D4778-6A32-4E7D-B80B-3507974B443B}.Release|Any CPU.ActiveCfg = Release|Any CPU
		{CF7D4778-6A32-4E7D-B80B-3507974B443B}.Release|Any CPU.Build.0 = Release|Any CPU
		{955038AF-1073-4BB0-8AF7-D4597B7C2DAB}.Debug|Any CPU.ActiveCfg = Debug|Any CPU
		{955038AF-1073-4BB0-8AF7-D4597B7C2DAB}.Debug|Any CPU.Build.0 = Debug|Any CPU
		{955038AF-1073-4BB0-8AF7-D4597B7C2DAB}.Release|Any CPU.ActiveCfg = Release|Any CPU
		{955038AF-1073-4BB0-8AF7-D4597B7C2DAB}.Release|Any CPU.Build.0 = Release|Any CPU
		{A9EEAECD-A8B2-45C1-9A9D-94443601CB5F}.Debug|Any CPU.ActiveCfg = Debug|Any CPU
		{A9EEAECD-A8B2-45C1-9A9D-94443601CB5F}.Debug|Any CPU.Build.0 = Debug|Any CPU
		{A9EEAECD-A8B2-45C1-9A9D-94443601CB5F}.Release|Any CPU.ActiveCfg = Release|Any CPU
		{A9EEAECD-A8B2-45C1-9A9D-94443601CB5F}.Release|Any CPU.Build.0 = Release|Any CPU
		{B4DC96CA-C700-499F-A9A2-0C767DCF8C30}.Debug|Any CPU.ActiveCfg = Debug|Any CPU
		{B4DC96CA-C700-499F-A9A2-0C767DCF8C30}.Debug|Any CPU.Build.0 = Debug|Any CPU
		{B4DC96CA-C700-499F-A9A2-0C767DCF8C30}.Release|Any CPU.ActiveCfg = Release|Any CPU
		{B4DC96CA-C700-499F-A9A2-0C767DCF8C30}.Release|Any CPU.Build.0 = Release|Any CPU
		{96EF1E04-5862-4D9E-B800-A6402F1ADF7A}.Debug|Any CPU.ActiveCfg = Debug|Any CPU
		{96EF1E04-5862-4D9E-B800-A6402F1ADF7A}.Debug|Any CPU.Build.0 = Debug|Any CPU
		{96EF1E04-5862-4D9E-B800-A6402F1ADF7A}.Release|Any CPU.ActiveCfg = Release|Any CPU
		{96EF1E04-5862-4D9E-B800-A6402F1ADF7A}.Release|Any CPU.Build.0 = Release|Any CPU
	EndGlobalSection
	GlobalSection(SolutionProperties) = preSolution
		HideSolutionNode = FALSE
	EndGlobalSection
	GlobalSection(ExtensibilityGlobals) = postSolution
		SolutionGuid = {B0B94980-5385-4EC6-A0EE-C9A191DDFC05}
	EndGlobalSection
EndGlobal
